
Microsoft Visual Studio Solution File, Format Version 12.00
# Visual Studio Version 16
VisualStudioVersion = 16.0.32002.261
MinimumVisualStudioVersion = 10.0.40219.1
Project("{FAE04EC0-301F-11D3-BF4B-00C04F79EFBC}") = "PolymorphismEx", "PolymorphismEx\PolymorphismEx.csproj", "{F26DDDC1-1B0B-4A77-98DD-9CB8477B13A0}"
EndProject
Global
	GlobalSection(SolutionConfigurationPlatforms) = preSolution
		Debug|Any CPU = Debug|Any CPU
		Release|Any CPU = Release|Any CPU
	EndGlobalSection
	GlobalSection(ProjectConfigurationPlatforms) = postSolution
		{F26DDDC1-1B0B-4A77-98DD-9CB8477B13A0}.Debug|Any CPU.ActiveCfg = Debug|Any CPU
		{F26DDDC1-1B0B-4A77-98DD-9CB8477B13A0}.Debug|Any CPU.Build.0 = Debug|Any CPU
		{F26DDDC1-1B0B-4A77-98DD-9CB8477B13A0}.Release|Any CPU.ActiveCfg = Release|Any CPU
		{F26DDDC1-1B0B-4A77-98DD-9CB8477B13A0}.Release|Any CPU.Build.0 = Release|Any CPU
	EndGlobalSection
	GlobalSection(SolutionProperties) = preSolution
		HideSolutionNode = FALSE
	EndGlobalSection
	GlobalSection(ExtensibilityGlobals) = postSolution
		SolutionGuid = {EFE2204A-C92F-464A-B447-5E708A920B2D}
	EndGlobalSection
EndGlobal
